// !$*UTF8*$!
{
	archiveVersion = 1;
	classes = {
	};
	objectVersion = 52;
	objects = {

/* Begin PBXBuildFile section */
		D415D84822D9988500DEBD00 /* AppDelegate.swift in Sources */ = {isa = PBXBuildFile; fileRef = D415D84722D9988500DEBD00 /* AppDelegate.swift */; };
		D415D84A22D9988500DEBD00 /* SceneDelegate.swift in Sources */ = {isa = PBXBuildFile; fileRef = D415D84922D9988500DEBD00 /* SceneDelegate.swift */; };
		D415D84C22D9988500DEBD00 /* ViewController.swift in Sources */ = {isa = PBXBuildFile; fileRef = D415D84B22D9988500DEBD00 /* ViewController.swift */; };
		D415D85122D9988900DEBD00 /* Assets.xcassets in Resources */ = {isa = PBXBuildFile; fileRef = D415D85022D9988900DEBD00 /* Assets.xcassets */; };
		D415D85422D9988900DEBD00 /* LaunchScreen.storyboard in Resources */ = {isa = PBXBuildFile; fileRef = D415D85222D9988900DEBD00 /* LaunchScreen.storyboard */; };
		D415D86222D99C2B00DEBD00 /* TurtleBuilder in Frameworks */ = {isa = PBXBuildFile; productRef = D415D86122D99C2B00DEBD00 /* TurtleBuilder */; };
		D45A485F22D99FA0006F6AA6 /* TurtleViewController.swift in Sources */ = {isa = PBXBuildFile; fileRef = D45A485E22D99FA0006F6AA6 /* TurtleViewController.swift */; };
/* End PBXBuildFile section */

/* Begin PBXFileReference section */
		D415D84422D9988500DEBD00 /* Example.app */ = {isa = PBXFileReference; explicitFileType = wrapper.application; includeInIndex = 0; path = Example.app; sourceTree = BUILT_PRODUCTS_DIR; };
		D415D84722D9988500DEBD00 /* AppDelegate.swift */ = {isa = PBXFileReference; lastKnownFileType = sourcecode.swift; path = AppDelegate.swift; sourceTree = "<group>"; };
		D415D84922D9988500DEBD00 /* SceneDelegate.swift */ = {isa = PBXFileReference; lastKnownFileType = sourcecode.swift; path = SceneDelegate.swift; sourceTree = "<group>"; };
		D415D84B22D9988500DEBD00 /* ViewController.swift */ = {isa = PBXFileReference; lastKnownFileType = sourcecode.swift; path = ViewController.swift; sourceTree = "<group>"; };
		D415D85022D9988900DEBD00 /* Assets.xcassets */ = {isa = PBXFileReference; lastKnownFileType = folder.assetcatalog; path = Assets.xcassets; sourceTree = "<group>"; };
		D415D85322D9988900DEBD00 /* Base */ = {isa = PBXFileReference; lastKnownFileType = file.storyboard; name = Base; path = Base.lproj/LaunchScreen.storyboard; sourceTree = "<group>"; };
		D415D85522D9988900DEBD00 /* Info.plist */ = {isa = PBXFileReference; lastKnownFileType = text.plist.xml; path = Info.plist; sourceTree = "<group>"; };
		D415D85B22D998BE00DEBD00 /* TurtleBuilder */ = {isa = PBXFileReference; lastKnownFileType = folder; name = TurtleBuilder; path = ..; sourceTree = "<group>"; };
		D45A485E22D99FA0006F6AA6 /* TurtleViewController.swift */ = {isa = PBXFileReference; fileEncoding = 4; lastKnownFileType = sourcecode.swift; path = TurtleViewController.swift; sourceTree = "<group>"; };
/* End PBXFileReference section */

/* Begin PBXFrameworksBuildPhase section */
		D415D84122D9988500DEBD00 /* Frameworks */ = {
			isa = PBXFrameworksBuildPhase;
			buildActionMask = 2147483647;
			files = (
				D415D86222D99C2B00DEBD00 /* TurtleBuilder in Frameworks */,
			);
			runOnlyForDeploymentPostprocessing = 0;
		};
/* End PBXFrameworksBuildPhase section */

/* Begin PBXGroup section */
		D415D83B22D9988500DEBD00 = {
			isa = PBXGroup;
			children = (
				D415D85B22D998BE00DEBD00 /* TurtleBuilder */,
				D415D84622D9988500DEBD00 /* Example */,
				D415D84522D9988500DEBD00 /* Products */,
				D415D86022D99C2B00DEBD00 /* Frameworks */,
			);
			sourceTree = "<group>";
		};
		D415D84522D9988500DEBD00 /* Products */ = {
			isa = PBXGroup;
			children = (
				D415D84422D9988500DEBD00 /* Example.app */,
			);
			name = Products;
			sourceTree = "<group>";
		};
		D415D84622D9988500DEBD00 /* Example */ = {
			isa = PBXGroup;
			children = (
				D415D84722D9988500DEBD00 /* AppDelegate.swift */,
				D415D84922D9988500DEBD00 /* SceneDelegate.swift */,
				D415D84B22D9988500DEBD00 /* ViewController.swift */,
				D45A485E22D99FA0006F6AA6 /* TurtleViewController.swift */,
				D415D85022D9988900DEBD00 /* Assets.xcassets */,
				D415D85222D9988900DEBD00 /* LaunchScreen.storyboard */,
				D415D85522D9988900DEBD00 /* Info.plist */,
			);
			path = Example;
			sourceTree = "<group>";
		};
		D415D86022D99C2B00DEBD00 /* Frameworks */ = {
			isa = PBXGroup;
			children = (
			);
			name = Frameworks;
			sourceTree = "<group>";
		};
/* End PBXGroup section */

/* Begin PBXNativeTarget section */
		D415D84322D9988500DEBD00 /* Example */ = {
			isa = PBXNativeTarget;
			buildConfigurationList = D415D85822D9988900DEBD00 /* Build configuration list for PBXNativeTarget "Example" */;
			buildPhases = (
				D415D84022D9988500DEBD00 /* Sources */,
				D415D84122D9988500DEBD00 /* Frameworks */,
				D415D84222D9988500DEBD00 /* Resources */,
			);
			buildRules = (
			);
			dependencies = (
				D415D85F22D99C2600DEBD00 /* PBXTargetDependency */,
			);
			name = Example;
			packageProductDependencies = (
				D415D86122D99C2B00DEBD00 /* TurtleBuilder */,
			);
			productName = Example;
			productReference = D415D84422D9988500DEBD00 /* Example.app */;
			productType = "com.apple.product-type.application";
		};
/* End PBXNativeTarget section */

/* Begin PBXProject section */
		D415D83C22D9988500DEBD00 /* Project object */ = {
			isa = PBXProject;
			attributes = {
				LastSwiftUpdateCheck = 1100;
				LastUpgradeCheck = 1100;
				ORGANIZATIONNAME = KKBOX;
				TargetAttributes = {
					D415D84322D9988500DEBD00 = {
						CreatedOnToolsVersion = 11.0;
					};
				};
			};
			buildConfigurationList = D415D83F22D9988500DEBD00 /* Build configuration list for PBXProject "Example" */;
			compatibilityVersion = "Xcode 9.3";
			developmentRegion = en;
			hasScannedForEncodings = 0;
			knownRegions = (
				en,
				Base,
			);
			mainGroup = D415D83B22D9988500DEBD00;
			productRefGroup = D415D84522D9988500DEBD00 /* Products */;
			projectDirPath = "";
			projectRoot = "";
			targets = (
				D415D84322D9988500DEBD00 /* Example */,
			);
		};
/* End PBXProject section */

/* Begin PBXResourcesBuildPhase section */
		D415D84222D9988500DEBD00 /* Resources */ = {
			isa = PBXResourcesBuildPhase;
			buildActionMask = 2147483647;
			files = (
				D415D85422D9988900DEBD00 /* LaunchScreen.storyboard in Resources */,
				D415D85122D9988900DEBD00 /* Assets.xcassets in Resources */,
			);
			runOnlyForDeploymentPostprocessing = 0;
		};
/* End PBXResourcesBuildPhase section */

/* Begin PBXSourcesBuildPhase section */
		D415D84022D9988500DEBD00 /* Sources */ = {
			isa = PBXSourcesBuildPhase;
			buildActionMask = 2147483647;
			files = (
				D45A485F22D99FA0006F6AA6 /* TurtleViewController.swift in Sources */,
				D415D84C22D9988500DEBD00 /* ViewController.swift in Sources */,
				D415D84822D9988500DEBD00 /* AppDelegate.swift in Sources */,
				D415D84A22D9988500DEBD00 /* SceneDelegate.swift in Sources */,
			);
			runOnlyForDeploymentPostprocessing = 0;
		};
/* End PBXSourcesBuildPhase section */

/* Begin PBXTargetDependency section */
		D415D85F22D99C2600DEBD00 /* PBXTargetDependency */ = {
			isa = PBXTargetDependency;
			productRef = D415D85E22D99C2600DEBD00 /* TurtleBuilder */;
		};
/* End PBXTargetDependency section */

/* Begin PBXVariantGroup section */
		D415D85222D9988900DEBD00 /* LaunchScreen.storyboard */ = {
			isa = PBXVariantGroup;
			children = (
				D415D85322D9988900DEBD00 /* Base */,
			);
			name = LaunchScreen.storyboard;
			sourceTree = "<group>";
		};
/* End PBXVariantGroup section */

/* Begin XCBuildConfiguration section */
		D415D85622D9988900DEBD00 /* Debug */ = {
			isa = XCBuildConfiguration;
			buildSettings = {
				ALWAYS_SEARCH_USER_PATHS = NO;
				CLANG_ANALYZER_NONNULL = YES;
				CLANG_ANALYZER_NUMBER_OBJECT_CONVERSION = YES_AGGRESSIVE;
				CLANG_CXX_LANGUAGE_STANDARD = "gnu++14";
				CLANG_CXX_LIBRARY = "libc++";
				CLANG_ENABLE_MODULES = YES;
				CLANG_ENABLE_OBJC_ARC = YES;
				CLANG_ENABLE_OBJC_WEAK = YES;
				CLANG_WARN_BLOCK_CAPTURE_AUTORELEASING = YES;
				CLANG_WARN_BOOL_CONVERSION = YES;
				CLANG_WARN_COMMA = YES;
				CLANG_WARN_CONSTANT_CONVERSION = YES;
				CLANG_WARN_DEPRECATED_OBJC_IMPLEMENTATIONS = YES;
				CLANG_WARN_DIRECT_OBJC_ISA_USAGE = YES_ERROR;
				CLANG_WARN_DOCUMENTATION_COMMENTS = YES;
				CLANG_WARN_EMPTY_BODY = YES;
				CLANG_WARN_ENUM_CONVERSION = YES;
				CLANG_WARN_INFINITE_RECURSION = YES;
				CLANG_WARN_INT_CONVERSION = YES;
				CLANG_WARN_NON_LITERAL_NULL_CONVERSION = YES;
				CLANG_WARN_OBJC_IMPLICIT_RETAIN_SELF = YES;
				CLANG_WARN_OBJC_LITERAL_CONVERSION = YES;
				CLANG_WARN_OBJC_ROOT_CLASS = YES_ERROR;
				CLANG_WARN_RANGE_LOOP_ANALYSIS = YES;
				CLANG_WARN_STRICT_PROTOTYPES = YES;
				CLANG_WARN_SUSPICIOUS_MOVE = YES;
				CLANG_WARN_UNGUARDED_AVAILABILITY = YES_AGGRESSIVE;
				CLANG_WARN_UNREACHABLE_CODE = YES;
				CLANG_WARN__DUPLICATE_METHOD_MATCH = YES;
				COPY_PHASE_STRIP = NO;
				DEBUG_INFORMATION_FORMAT = dwarf;
				ENABLE_STRICT_OBJC_MSGSEND = YES;
				ENABLE_TESTABILITY = YES;
				GCC_C_LANGUAGE_STANDARD = gnu11;
				GCC_DYNAMIC_NO_PIC = NO;
				GCC_NO_COMMON_BLOCKS = YES;
				GCC_OPTIMIZATION_LEVEL = 0;
				GCC_PREPROCESSOR_DEFINITIONS = (
					"DEBUG=1",
					"$(inherited)",
				);
				GCC_WARN_64_TO_32_BIT_CONVERSION = YES;
				GCC_WARN_ABOUT_RETURN_TYPE = YES_ERROR;
				GCC_WARN_UNDECLARED_SELECTOR = YES;
				GCC_WARN_UNINITIALIZED_AUTOS = YES_AGGRESSIVE;
				GCC_WARN_UNUSED_FUNCTION = YES;
				GCC_WARN_UNUSED_VARIABLE = YES;
				IPHONEOS_DEPLOYMENT_TARGET = 13.0;
				MTL_ENABLE_DEBUG_INFO = INCLUDE_SOURCE;
				MTL_FAST_MATH = YES;
				ONLY_ACTIVE_ARCH = YES;
				SDKROOT = iphoneos;
				SWIFT_ACTIVE_COMPILATION_CONDITIONS = DEBUG;
				SWIFT_OPTIMIZATION_LEVEL = "-Onone";
			};
			name = Debug;
		};
		D415D85722D9988900DEBD00 /* Release */ = {
			isa = XCBuildConfiguration;
			buildSettings = {
				ALWAYS_SEARCH_USER_PATHS = NO;
				CLANG_ANALYZER_NONNULL = YES;
				CLANG_ANALYZER_NUMBER_OBJECT_CONVERSION = YES_AGGRESSIVE;
				CLANG_CXX_LANGUAGE_STANDARD = "gnu++14";
				CLANG_CXX_LIBRARY = "libc++";
				CLANG_ENABLE_MODULES = YES;
				CLANG_ENABLE_OBJC_ARC = YES;
				CLANG_ENABLE_OBJC_WEAK = YES;
				CLANG_WARN_BLOCK_CAPTURE_AUTORELEASING = YES;
				CLANG_WARN_BOOL_CONVERSION = YES;
				CLANG_WARN_COMMA = YES;
				CLANG_WARN_CONSTANT_CONVERSION = YES;
				CLANG_WARN_DEPRECATED_OBJC_IMPLEMENTATIONS = YES;
				CLANG_WARN_DIRECT_OBJC_ISA_USAGE = YES_ERROR;
				CLANG_WARN_DOCUMENTATION_COMMENTS = YES;
				CLANG_WARN_EMPTY_BODY = YES;
				CLANG_WARN_ENUM_CONVERSION = YES;
				CLANG_WARN_INFINITE_RECURSION = YES;
				CLANG_WARN_INT_CONVERSION = YES;
				CLANG_WARN_NON_LITERAL_NULL_CONVERSION = YES;
				CLANG_WARN_OBJC_IMPLICIT_RETAIN_SELF = YES;
				CLANG_WARN_OBJC_LITERAL_CONVERSION = YES;
				CLANG_WARN_OBJC_ROOT_CLASS = YES_ERROR;
				CLANG_WARN_RANGE_LOOP_ANALYSIS = YES;
				CLANG_WARN_STRICT_PROTOTYPES = YES;
				CLANG_WARN_SUSPICIOUS_MOVE = YES;
				CLANG_WARN_UNGUARDED_AVAILABILITY = YES_AGGRESSIVE;
				CLANG_WARN_UNREACHABLE_CODE = YES;
				CLANG_WARN__DUPLICATE_METHOD_MATCH = YES;
				COPY_PHASE_STRIP = NO;
				DEBUG_INFORMATION_FORMAT = "dwarf-with-dsym";
				ENABLE_NS_ASSERTIONS = NO;
				ENABLE_STRICT_OBJC_MSGSEND = YES;
				GCC_C_LANGUAGE_STANDARD = gnu11;
				GCC_NO_COMMON_BLOCKS = YES;
				GCC_WARN_64_TO_32_BIT_CONVERSION = YES;
				GCC_WARN_ABOUT_RETURN_TYPE = YES_ERROR;
				GCC_WARN_UNDECLARED_SELECTOR = YES;
				GCC_WARN_UNINITIALIZED_AUTOS = YES_AGGRESSIVE;
				GCC_WARN_UNUSED_FUNCTION = YES;
				GCC_WARN_UNUSED_VARIABLE = YES;
				IPHONEOS_DEPLOYMENT_TARGET = 13.0;
				MTL_ENABLE_DEBUG_INFO = NO;
				MTL_FAST_MATH = YES;
				SDKROOT = iphoneos;
				SWIFT_COMPILATION_MODE = wholemodule;
				SWIFT_OPTIMIZATION_LEVEL = "-O";
				VALIDATE_PRODUCT = YES;
			};
			name = Release;
		};
		D415D85922D9988900DEBD00 /* Debug */ = {
			isa = XCBuildConfiguration;
			buildSettings = {
				ASSETCATALOG_COMPILER_APPICON_NAME = AppIcon;
				CODE_SIGN_STYLE = Automatic;
				DEVELOPMENT_TEAM = GA2DMW4FFR;
				INFOPLIST_FILE = Example/Info.plist;
				LD_RUNPATH_SEARCH_PATHS = (
					"$(inherited)",
					"@executable_path/Frameworks",
				);
				PRODUCT_BUNDLE_IDENTIFIER = com.kkbox.Example;
				PRODUCT_NAME = "$(TARGET_NAME)";
				SWIFT_VERSION = 5.0;
				TARGETED_DEVICE_FAMILY = "1,2";
			};
			name = Debug;
		};
		D415D85A22D9988900DEBD00 /* Release */ = {
			isa = XCBuildConfiguration;
			buildSettings = {
				ASSETCATALOG_COMPILER_APPICON_NAME = AppIcon;
				CODE_SIGN_STYLE = Automatic;
				DEVELOPMENT_TEAM = GA2DMW4FFR;
				INFOPLIST_FILE = Example/Info.plist;
				LD_RUNPATH_SEARCH_PATHS = (
					"$(inherited)",
					"@executable_path/Frameworks",
				);
				PRODUCT_BUNDLE_IDENTIFIER = com.kkbox.Example;
				PRODUCT_NAME = "$(TARGET_NAME)";
				SWIFT_VERSION = 5.0;
				TARGETED_DEVICE_FAMILY = "1,2";
			};
			name = Release;
		};
/* End XCBuildConfiguration section */

/* Begin XCConfigurationList section */
		D415D83F22D9988500DEBD00 /* Build configuration list for PBXProject "Example" */ = {
			isa = XCConfigurationList;
			buildConfigurations = (
				D415D85622D9988900DEBD00 /* Debug */,
				D415D85722D9988900DEBD00 /* Release */,
			);
			defaultConfigurationIsVisible = 0;
			defaultConfigurationName = Release;
		};
		D415D85822D9988900DEBD00 /* Build configuration list for PBXNativeTarget "Example" */ = {
			isa = XCConfigurationList;
			buildConfigurations = (
				D415D85922D9988900DEBD00 /* Debug */,
				D415D85A22D9988900DEBD00 /* Release */,
			);
			defaultConfigurationIsVisible = 0;
			defaultConfigurationName = Release;
		};
/* End XCConfigurationList section */

/* Begin XCSwiftPackageProductDependency section */
		D415D85E22D99C2600DEBD00 /* TurtleBuilder */ = {
			isa = XCSwiftPackageProductDependency;
			productName = TurtleBuilder;
		};
		D415D86122D99C2B00DEBD00 /* TurtleBuilder */ = {
			isa = XCSwiftPackageProductDependency;
			productName = TurtleBuilder;
		};
/* End XCSwiftPackageProductDependency section */
	};
	rootObject = D415D83C22D9988500DEBD00 /* Project object */;
}
